
Microsoft Visual Studio Solution File, Format Version 12.00
# Visual Studio 15
VisualStudioVersion = 15.0.28307.136
MinimumVisualStudioVersion = 10.0.40219.1
Project("{9A19103F-16F7-4668-BE54-9A1E7A4F7556}") = "Triangle", "Triangle.csproj", "{CFDF1719-56E0-4553-A824-6201B2C6D961}"
EndProject
Project("{FAE04EC0-301F-11D3-BF4B-00C04F79EFBC}") = "Testing", "Testing\Testing.csproj", "{5548E517-62CE-4E1C-86EC-596915481951}"
EndProject
Global
	GlobalSection(SolutionConfigurationPlatforms) = preSolution
		Debug|Any CPU = Debug|Any CPU
		Release|Any CPU = Release|Any CPU
	EndGlobalSection
	GlobalSection(ProjectConfigurationPlatforms) = postSolution
		{CFDF1719-56E0-4553-A824-6201B2C6D961}.Debug|Any CPU.ActiveCfg = Debug|Any CPU
		{CFDF1719-56E0-4553-A824-6201B2C6D961}.Debug|Any CPU.Build.0 = Debug|Any CPU
		{CFDF1719-56E0-4553-A824-6201B2C6D961}.Release|Any CPU.ActiveCfg = Release|Any CPU
		{CFDF1719-56E0-4553-A824-6201B2C6D961}.Release|Any CPU.Build.0 = Release|Any CPU
		{5548E517-62CE-4E1C-86EC-596915481951}.Debug|Any CPU.ActiveCfg = Debug|Any CPU
		{5548E517-62CE-4E1C-86EC-596915481951}.Debug|Any CPU.Build.0 = Debug|Any CPU
		{5548E517-62CE-4E1C-86EC-596915481951}.Release|Any CPU.ActiveCfg = Release|Any CPU
		{5548E517-62CE-4E1C-86EC-596915481951}.Release|Any CPU.Build.0 = Release|Any CPU
	EndGlobalSection
	GlobalSection(SolutionProperties) = preSolution
		HideSolutionNode = FALSE
	EndGlobalSection
	GlobalSection(ExtensibilityGlobals) = postSolution
		SolutionGuid = {8B5C206E-4162-41F9-B37E-053793469273}
	EndGlobalSection
EndGlobal
