
Microsoft Visual Studio Solution File, Format Version 12.00
# Visual Studio 15
VisualStudioVersion = 15.0.28307.168
MinimumVisualStudioVersion = 10.0.40219.1
Project("{9A19103F-16F7-4668-BE54-9A1E7A4F7556}") = "Anagram", "Anagram.csproj", "{EAE0C870-DE17-4640-BF4E-9590A99FCD33}"
EndProject
Project("{FAE04EC0-301F-11D3-BF4B-00C04F79EFBC}") = "Testing", "Testing\Testing.csproj", "{39A8097D-57EE-4912-A5CF-43566D1D38E0}"
EndProject
Global
	GlobalSection(SolutionConfigurationPlatforms) = preSolution
		Debug|Any CPU = Debug|Any CPU
		Release|Any CPU = Release|Any CPU
	EndGlobalSection
	GlobalSection(ProjectConfigurationPlatforms) = postSolution
		{EAE0C870-DE17-4640-BF4E-9590A99FCD33}.Debug|Any CPU.ActiveCfg = Debug|Any CPU
		{EAE0C870-DE17-4640-BF4E-9590A99FCD33}.Debug|Any CPU.Build.0 = Debug|Any CPU
		{EAE0C870-DE17-4640-BF4E-9590A99FCD33}.Release|Any CPU.ActiveCfg = Release|Any CPU
		{EAE0C870-DE17-4640-BF4E-9590A99FCD33}.Release|Any CPU.Build.0 = Release|Any CPU
		{39A8097D-57EE-4912-A5CF-43566D1D38E0}.Debug|Any CPU.ActiveCfg = Debug|Any CPU
		{39A8097D-57EE-4912-A5CF-43566D1D38E0}.Debug|Any CPU.Build.0 = Debug|Any CPU
		{39A8097D-57EE-4912-A5CF-43566D1D38E0}.Release|Any CPU.ActiveCfg = Release|Any CPU
		{39A8097D-57EE-4912-A5CF-43566D1D38E0}.Release|Any CPU.Build.0 = Release|Any CPU
	EndGlobalSection
	GlobalSection(SolutionProperties) = preSolution
		HideSolutionNode = FALSE
	EndGlobalSection
	GlobalSection(ExtensibilityGlobals) = postSolution
		SolutionGuid = {0D1ECFE7-4DD2-4E2F-AE7B-3BD08D9F9C6E}
	EndGlobalSection
EndGlobal
