
Microsoft Visual Studio Solution File, Format Version 12.00
# Visual Studio 15
VisualStudioVersion = 15.0.28307.136
MinimumVisualStudioVersion = 10.0.40219.1
Project("{9A19103F-16F7-4668-BE54-9A1E7A4F7556}") = "Pangram", "Pangram.csproj", "{35E3C6F5-9048-4E9C-8BB2-869AE465C505}"
EndProject
Global
	GlobalSection(SolutionConfigurationPlatforms) = preSolution
		Debug|Any CPU = Debug|Any CPU
		Release|Any CPU = Release|Any CPU
	EndGlobalSection
	GlobalSection(ProjectConfigurationPlatforms) = postSolution
		{35E3C6F5-9048-4E9C-8BB2-869AE465C505}.Debug|Any CPU.ActiveCfg = Debug|Any CPU
		{35E3C6F5-9048-4E9C-8BB2-869AE465C505}.Debug|Any CPU.Build.0 = Debug|Any CPU
		{35E3C6F5-9048-4E9C-8BB2-869AE465C505}.Release|Any CPU.ActiveCfg = Release|Any CPU
		{35E3C6F5-9048-4E9C-8BB2-869AE465C505}.Release|Any CPU.Build.0 = Release|Any CPU
	EndGlobalSection
	GlobalSection(SolutionProperties) = preSolution
		HideSolutionNode = FALSE
	EndGlobalSection
	GlobalSection(ExtensibilityGlobals) = postSolution
		SolutionGuid = {B57D5DCA-FEE2-4FC3-8B6D-44EA6E3FC84B}
	EndGlobalSection
EndGlobal
