
Microsoft Visual Studio Solution File, Format Version 12.00
# Visual Studio 15
VisualStudioVersion = 15.0.28307.168
MinimumVisualStudioVersion = 10.0.40219.1
Project("{9A19103F-16F7-4668-BE54-9A1E7A4F7556}") = "ErrorHandling", "ErrorHandling.csproj", "{5F71A27E-4A7F-4746-942D-AF9EFEB278C1}"
EndProject
Project("{FAE04EC0-301F-11D3-BF4B-00C04F79EFBC}") = "Testing", "Testing\Testing.csproj", "{B2FFDD24-7FED-4116-AEAB-FBFA51B9B872}"
EndProject
Global
	GlobalSection(SolutionConfigurationPlatforms) = preSolution
		Debug|Any CPU = Debug|Any CPU
		Release|Any CPU = Release|Any CPU
	EndGlobalSection
	GlobalSection(ProjectConfigurationPlatforms) = postSolution
		{5F71A27E-4A7F-4746-942D-AF9EFEB278C1}.Debug|Any CPU.ActiveCfg = Debug|Any CPU
		{5F71A27E-4A7F-4746-942D-AF9EFEB278C1}.Debug|Any CPU.Build.0 = Debug|Any CPU
		{5F71A27E-4A7F-4746-942D-AF9EFEB278C1}.Release|Any CPU.ActiveCfg = Release|Any CPU
		{5F71A27E-4A7F-4746-942D-AF9EFEB278C1}.Release|Any CPU.Build.0 = Release|Any CPU
		{B2FFDD24-7FED-4116-AEAB-FBFA51B9B872}.Debug|Any CPU.ActiveCfg = Debug|Any CPU
		{B2FFDD24-7FED-4116-AEAB-FBFA51B9B872}.Debug|Any CPU.Build.0 = Debug|Any CPU
		{B2FFDD24-7FED-4116-AEAB-FBFA51B9B872}.Release|Any CPU.ActiveCfg = Release|Any CPU
		{B2FFDD24-7FED-4116-AEAB-FBFA51B9B872}.Release|Any CPU.Build.0 = Release|Any CPU
	EndGlobalSection
	GlobalSection(SolutionProperties) = preSolution
		HideSolutionNode = FALSE
	EndGlobalSection
	GlobalSection(ExtensibilityGlobals) = postSolution
		SolutionGuid = {96712466-DF3A-4683-A57A-3A9A6124F628}
	EndGlobalSection
EndGlobal
