
Microsoft Visual Studio Solution File, Format Version 12.00
# Visual Studio 15
VisualStudioVersion = 15.0.28307.136
MinimumVisualStudioVersion = 10.0.40219.1
Project("{9A19103F-16F7-4668-BE54-9A1E7A4F7556}") = "DifferenceOfSquares", "DifferenceOfSquares.csproj", "{18AA1ADE-AD22-49FA-AB78-5F99EBDB757A}"
EndProject
Project("{FAE04EC0-301F-11D3-BF4B-00C04F79EFBC}") = "Testing", "Testing\Testing.csproj", "{EB37F9FB-1406-4E7B-9398-7019E19EC868}"
EndProject
Global
	GlobalSection(SolutionConfigurationPlatforms) = preSolution
		Debug|Any CPU = Debug|Any CPU
		Release|Any CPU = Release|Any CPU
	EndGlobalSection
	GlobalSection(ProjectConfigurationPlatforms) = postSolution
		{18AA1ADE-AD22-49FA-AB78-5F99EBDB757A}.Debug|Any CPU.ActiveCfg = Debug|Any CPU
		{18AA1ADE-AD22-49FA-AB78-5F99EBDB757A}.Debug|Any CPU.Build.0 = Debug|Any CPU
		{18AA1ADE-AD22-49FA-AB78-5F99EBDB757A}.Release|Any CPU.ActiveCfg = Release|Any CPU
		{18AA1ADE-AD22-49FA-AB78-5F99EBDB757A}.Release|Any CPU.Build.0 = Release|Any CPU
		{EB37F9FB-1406-4E7B-9398-7019E19EC868}.Debug|Any CPU.ActiveCfg = Debug|Any CPU
		{EB37F9FB-1406-4E7B-9398-7019E19EC868}.Debug|Any CPU.Build.0 = Debug|Any CPU
		{EB37F9FB-1406-4E7B-9398-7019E19EC868}.Release|Any CPU.ActiveCfg = Release|Any CPU
		{EB37F9FB-1406-4E7B-9398-7019E19EC868}.Release|Any CPU.Build.0 = Release|Any CPU
	EndGlobalSection
	GlobalSection(SolutionProperties) = preSolution
		HideSolutionNode = FALSE
	EndGlobalSection
	GlobalSection(ExtensibilityGlobals) = postSolution
		SolutionGuid = {3BC299EF-2058-4A6D-AE6E-66AEA9D500C9}
	EndGlobalSection
EndGlobal
