
Microsoft Visual Studio Solution File, Format Version 12.00
# Visual Studio 15
VisualStudioVersion = 15.0.28307.136
MinimumVisualStudioVersion = 10.0.40219.1
Project("{9A19103F-16F7-4668-BE54-9A1E7A4F7556}") = "ComplexNumbers", "ComplexNumbers.csproj", "{8E04102C-A61F-4BAE-A9A9-B589F622C3C1}"
EndProject
Project("{FAE04EC0-301F-11D3-BF4B-00C04F79EFBC}") = "Testing", "Testing\Testing.csproj", "{6146B2AD-4FB3-4787-AEEA-F32C5A0E8057}"
EndProject
Global
	GlobalSection(SolutionConfigurationPlatforms) = preSolution
		Debug|Any CPU = Debug|Any CPU
		Release|Any CPU = Release|Any CPU
	EndGlobalSection
	GlobalSection(ProjectConfigurationPlatforms) = postSolution
		{8E04102C-A61F-4BAE-A9A9-B589F622C3C1}.Debug|Any CPU.ActiveCfg = Debug|Any CPU
		{8E04102C-A61F-4BAE-A9A9-B589F622C3C1}.Debug|Any CPU.Build.0 = Debug|Any CPU
		{8E04102C-A61F-4BAE-A9A9-B589F622C3C1}.Release|Any CPU.ActiveCfg = Release|Any CPU
		{8E04102C-A61F-4BAE-A9A9-B589F622C3C1}.Release|Any CPU.Build.0 = Release|Any CPU
		{6146B2AD-4FB3-4787-AEEA-F32C5A0E8057}.Debug|Any CPU.ActiveCfg = Debug|Any CPU
		{6146B2AD-4FB3-4787-AEEA-F32C5A0E8057}.Debug|Any CPU.Build.0 = Debug|Any CPU
		{6146B2AD-4FB3-4787-AEEA-F32C5A0E8057}.Release|Any CPU.ActiveCfg = Release|Any CPU
		{6146B2AD-4FB3-4787-AEEA-F32C5A0E8057}.Release|Any CPU.Build.0 = Release|Any CPU
	EndGlobalSection
	GlobalSection(SolutionProperties) = preSolution
		HideSolutionNode = FALSE
	EndGlobalSection
	GlobalSection(ExtensibilityGlobals) = postSolution
		SolutionGuid = {E54FAD6A-D66A-4819-9294-01206FF7D4C3}
	EndGlobalSection
EndGlobal
