
Microsoft Visual Studio Solution File, Format Version 12.00
# Visual Studio 15
VisualStudioVersion = 15.0.28307.168
MinimumVisualStudioVersion = 10.0.40219.1
Project("{9A19103F-16F7-4668-BE54-9A1E7A4F7556}") = "TwelveDays", "TwelveDays.csproj", "{93595AE7-0C30-4550-87C6-F19F4C2ADE15}"
EndProject
Project("{FAE04EC0-301F-11D3-BF4B-00C04F79EFBC}") = "Testing", "Testing\Testing.csproj", "{4F19BBE5-E845-490A-AE68-5FEB5A98BBE8}"
EndProject
Global
	GlobalSection(SolutionConfigurationPlatforms) = preSolution
		Debug|Any CPU = Debug|Any CPU
		Release|Any CPU = Release|Any CPU
	EndGlobalSection
	GlobalSection(ProjectConfigurationPlatforms) = postSolution
		{93595AE7-0C30-4550-87C6-F19F4C2ADE15}.Debug|Any CPU.ActiveCfg = Debug|Any CPU
		{93595AE7-0C30-4550-87C6-F19F4C2ADE15}.Debug|Any CPU.Build.0 = Debug|Any CPU
		{93595AE7-0C30-4550-87C6-F19F4C2ADE15}.Release|Any CPU.ActiveCfg = Release|Any CPU
		{93595AE7-0C30-4550-87C6-F19F4C2ADE15}.Release|Any CPU.Build.0 = Release|Any CPU
		{4F19BBE5-E845-490A-AE68-5FEB5A98BBE8}.Debug|Any CPU.ActiveCfg = Debug|Any CPU
		{4F19BBE5-E845-490A-AE68-5FEB5A98BBE8}.Debug|Any CPU.Build.0 = Debug|Any CPU
		{4F19BBE5-E845-490A-AE68-5FEB5A98BBE8}.Release|Any CPU.ActiveCfg = Release|Any CPU
		{4F19BBE5-E845-490A-AE68-5FEB5A98BBE8}.Release|Any CPU.Build.0 = Release|Any CPU
	EndGlobalSection
	GlobalSection(SolutionProperties) = preSolution
		HideSolutionNode = FALSE
	EndGlobalSection
	GlobalSection(ExtensibilityGlobals) = postSolution
		SolutionGuid = {AEA66D3D-062E-4113-B093-688686FB49FE}
	EndGlobalSection
EndGlobal
