
Microsoft Visual Studio Solution File, Format Version 12.00
# Visual Studio 15
VisualStudioVersion = 15.0.26124.0
MinimumVisualStudioVersion = 15.0.26124.0
Project("{9A19103F-16F7-4668-BE54-9A1E7A4F7556}") = "PhoneNumber", "PhoneNumber.csproj", "{270CFAA7-90EA-49F9-9C3E-02722D086B0E}"
EndProject
Project("{FAE04EC0-301F-11D3-BF4B-00C04F79EFBC}") = "Testing", "Testing\Testing.csproj", "{80253D0C-5C35-4DCE-8B1C-CD9336765204}"
EndProject
Global
	GlobalSection(SolutionConfigurationPlatforms) = preSolution
		Debug|Any CPU = Debug|Any CPU
		Debug|x64 = Debug|x64
		Debug|x86 = Debug|x86
		Release|Any CPU = Release|Any CPU
		Release|x64 = Release|x64
		Release|x86 = Release|x86
	EndGlobalSection
	GlobalSection(ProjectConfigurationPlatforms) = postSolution
		{270CFAA7-90EA-49F9-9C3E-02722D086B0E}.Debug|Any CPU.ActiveCfg = Debug|Any CPU
		{270CFAA7-90EA-49F9-9C3E-02722D086B0E}.Debug|Any CPU.Build.0 = Debug|Any CPU
		{270CFAA7-90EA-49F9-9C3E-02722D086B0E}.Debug|x64.ActiveCfg = Debug|Any CPU
		{270CFAA7-90EA-49F9-9C3E-02722D086B0E}.Debug|x64.Build.0 = Debug|Any CPU
		{270CFAA7-90EA-49F9-9C3E-02722D086B0E}.Debug|x86.ActiveCfg = Debug|Any CPU
		{270CFAA7-90EA-49F9-9C3E-02722D086B0E}.Debug|x86.Build.0 = Debug|Any CPU
		{270CFAA7-90EA-49F9-9C3E-02722D086B0E}.Release|Any CPU.ActiveCfg = Release|Any CPU
		{270CFAA7-90EA-49F9-9C3E-02722D086B0E}.Release|Any CPU.Build.0 = Release|Any CPU
		{270CFAA7-90EA-49F9-9C3E-02722D086B0E}.Release|x64.ActiveCfg = Release|Any CPU
		{270CFAA7-90EA-49F9-9C3E-02722D086B0E}.Release|x64.Build.0 = Release|Any CPU
		{270CFAA7-90EA-49F9-9C3E-02722D086B0E}.Release|x86.ActiveCfg = Release|Any CPU
		{270CFAA7-90EA-49F9-9C3E-02722D086B0E}.Release|x86.Build.0 = Release|Any CPU
		{80253D0C-5C35-4DCE-8B1C-CD9336765204}.Debug|Any CPU.ActiveCfg = Debug|Any CPU
		{80253D0C-5C35-4DCE-8B1C-CD9336765204}.Debug|Any CPU.Build.0 = Debug|Any CPU
		{80253D0C-5C35-4DCE-8B1C-CD9336765204}.Debug|x64.ActiveCfg = Debug|Any CPU
		{80253D0C-5C35-4DCE-8B1C-CD9336765204}.Debug|x64.Build.0 = Debug|Any CPU
		{80253D0C-5C35-4DCE-8B1C-CD9336765204}.Debug|x86.ActiveCfg = Debug|Any CPU
		{80253D0C-5C35-4DCE-8B1C-CD9336765204}.Debug|x86.Build.0 = Debug|Any CPU
		{80253D0C-5C35-4DCE-8B1C-CD9336765204}.Release|Any CPU.ActiveCfg = Release|Any CPU
		{80253D0C-5C35-4DCE-8B1C-CD9336765204}.Release|Any CPU.Build.0 = Release|Any CPU
		{80253D0C-5C35-4DCE-8B1C-CD9336765204}.Release|x64.ActiveCfg = Release|Any CPU
		{80253D0C-5C35-4DCE-8B1C-CD9336765204}.Release|x64.Build.0 = Release|Any CPU
		{80253D0C-5C35-4DCE-8B1C-CD9336765204}.Release|x86.ActiveCfg = Release|Any CPU
		{80253D0C-5C35-4DCE-8B1C-CD9336765204}.Release|x86.Build.0 = Release|Any CPU
	EndGlobalSection
	GlobalSection(SolutionProperties) = preSolution
		HideSolutionNode = FALSE
	EndGlobalSection
	GlobalSection(ExtensibilityGlobals) = postSolution
		SolutionGuid = {FD3AB69B-748C-4652-A6E8-A8EB401B2BAD}
	EndGlobalSection
EndGlobal
