
Microsoft Visual Studio Solution File, Format Version 12.00
# Visual Studio 15
VisualStudioVersion = 15.0.28307.168
MinimumVisualStudioVersion = 10.0.40219.1
Project("{9A19103F-16F7-4668-BE54-9A1E7A4F7556}") = "ScrabbleScore", "ScrabbleScore.csproj", "{15305C07-6663-4D39-86E2-B042B0E58A9B}"
EndProject
Project("{FAE04EC0-301F-11D3-BF4B-00C04F79EFBC}") = "Testing", "Testing\Testing\Testing.csproj", "{EB050D27-84F7-4049-BC5D-390F0D0406FE}"
EndProject
Global
	GlobalSection(SolutionConfigurationPlatforms) = preSolution
		Debug|Any CPU = Debug|Any CPU
		Release|Any CPU = Release|Any CPU
	EndGlobalSection
	GlobalSection(ProjectConfigurationPlatforms) = postSolution
		{15305C07-6663-4D39-86E2-B042B0E58A9B}.Debug|Any CPU.ActiveCfg = Debug|Any CPU
		{15305C07-6663-4D39-86E2-B042B0E58A9B}.Debug|Any CPU.Build.0 = Debug|Any CPU
		{15305C07-6663-4D39-86E2-B042B0E58A9B}.Release|Any CPU.ActiveCfg = Release|Any CPU
		{15305C07-6663-4D39-86E2-B042B0E58A9B}.Release|Any CPU.Build.0 = Release|Any CPU
		{EB050D27-84F7-4049-BC5D-390F0D0406FE}.Debug|Any CPU.ActiveCfg = Debug|Any CPU
		{EB050D27-84F7-4049-BC5D-390F0D0406FE}.Debug|Any CPU.Build.0 = Debug|Any CPU
		{EB050D27-84F7-4049-BC5D-390F0D0406FE}.Release|Any CPU.ActiveCfg = Release|Any CPU
		{EB050D27-84F7-4049-BC5D-390F0D0406FE}.Release|Any CPU.Build.0 = Release|Any CPU
	EndGlobalSection
	GlobalSection(SolutionProperties) = preSolution
		HideSolutionNode = FALSE
	EndGlobalSection
	GlobalSection(ExtensibilityGlobals) = postSolution
		SolutionGuid = {87DB5C8C-612C-4C91-9A90-87B214637AA6}
	EndGlobalSection
EndGlobal
